// !$*UTF8*$!
{
	archiveVersion = 1;
	classes = {
	};
	objectVersion = 46;
	objects = {

/* Begin PBXBuildFile section */
		005CBCE81AA770420038DE61 /* main.m in Sources */ = {isa = PBXBuildFile; fileRef = 005CBCE71AA770420038DE61 /* main.m */; };
		005CBCEB1AA770420038DE61 /* AppDelegate.m in Sources */ = {isa = PBXBuildFile; fileRef = 005CBCEA1AA770420038DE61 /* AppDelegate.m */; };
		005CBCED1AA770420038DE61 /* Images.xcassets in Resources */ = {isa = PBXBuildFile; fileRef = 005CBCEC1AA770420038DE61 /* Images.xcassets */; };
		005CBCF01AA770420038DE61 /* LaunchScreen.xib in Resources */ = {isa = PBXBuildFile; fileRef = 005CBCEE1AA770420038DE61 /* LaunchScreen.xib */; };
		005CBCFC1AA770420038DE61 /* LoakanTests.m in Sources */ = {isa = PBXBuildFile; fileRef = 005CBCFB1AA770420038DE61 /* LoakanTests.m */; };
/* End PBXBuildFile section */

/* Begin PBXContainerItemProxy section */
		005CBCF61AA770420038DE61 /* PBXContainerItemProxy */ = {
			isa = PBXContainerItemProxy;
			containerPortal = 005CBCDA1AA770420038DE61 /* Project object */;
			proxyType = 1;
			remoteGlobalIDString = 005CBCE11AA770420038DE61;
			remoteInfo = Loakan;
		};
/* End PBXContainerItemProxy section */

/* Begin PBXFileReference section */
		005CBCE21AA770420038DE61 /* Loakan.app */ = {isa = PBXFileReference; explicitFileType = wrapper.application; includeInIndex = 0; path = Loakan.app; sourceTree = BUILT_PRODUCTS_DIR; };
		005CBCE61AA770420038DE61 /* Info.plist */ = {isa = PBXFileReference; lastKnownFileType = text.plist.xml; path = Info.plist; sourceTree = "<group>"; };
		005CBCE71AA770420038DE61 /* main.m */ = {isa = PBXFileReference; lastKnownFileType = sourcecode.c.objc; path = main.m; sourceTree = "<group>"; };
		005CBCE91AA770420038DE61 /* AppDelegate.h */ = {isa = PBXFileReference; lastKnownFileType = sourcecode.c.h; path = AppDelegate.h; sourceTree = "<group>"; };
		005CBCEA1AA770420038DE61 /* AppDelegate.m */ = {isa = PBXFileReference; lastKnownFileType = sourcecode.c.objc; path = AppDelegate.m; sourceTree = "<group>"; };
		005CBCEC1AA770420038DE61 /* Images.xcassets */ = {isa = PBXFileReference; lastKnownFileType = folder.assetcatalog; path = Images.xcassets; sourceTree = "<group>"; };
		005CBCEF1AA770420038DE61 /* Base */ = {isa = PBXFileReference; lastKnownFileType = file.xib; name = Base; path = Base.lproj/LaunchScreen.xib; sourceTree = "<group>"; };
		005CBCF51AA770420038DE61 /* LoakanTests.xctest */ = {isa = PBXFileReference; explicitFileType = wrapper.cfbundle; includeInIndex = 0; path = LoakanTests.xctest; sourceTree = BUILT_PRODUCTS_DIR; };
		005CBCFA1AA770420038DE61 /* Info.plist */ = {isa = PBXFileReference; lastKnownFileType = text.plist.xml; path = Info.plist; sourceTree = "<group>"; };
		005CBCFB1AA770420038DE61 /* LoakanTests.m */ = {isa = PBXFileReference; lastKnownFileType = sourcecode.c.objc; path = LoakanTests.m; sourceTree = "<group>"; };
/* End PBXFileReference section */

/* Begin PBXFrameworksBuildPhase section */
		005CBCDF1AA770420038DE61 /* Frameworks */ = {
			isa = PBXFrameworksBuildPhase;
			buildActionMask = 2147483647;
			files = (
			);
			runOnlyForDeploymentPostprocessing = 0;
		};
		005CBCF21AA770420038DE61 /* Frameworks */ = {
			isa = PBXFrameworksBuildPhase;
			buildActionMask = 2147483647;
			files = (
			);
			runOnlyForDeploymentPostprocessing = 0;
		};
/* End PBXFrameworksBuildPhase section */

/* Begin PBXGroup section */
		005CBCD91AA770420038DE61 = {
			isa = PBXGroup;
			children = (
				005CBCE41AA770420038DE61 /* Loakan */,
				005CBCF81AA770420038DE61 /* LoakanTests */,
				005CBCE31AA770420038DE61 /* Products */,
			);
			sourceTree = "<group>";
		};
		005CBCE31AA770420038DE61 /* Products */ = {
			isa = PBXGroup;
			children = (
				005CBCE21AA770420038DE61 /* Loakan.app */,
				005CBCF51AA770420038DE61 /* LoakanTests.xctest */,
			);
			name = Products;
			sourceTree = "<group>";
		};
		005CBCE41AA770420038DE61 /* Loakan */ = {
			isa = PBXGroup;
			children = (
				005CBCE91AA770420038DE61 /* AppDelegate.h */,
				005CBCEA1AA770420038DE61 /* AppDelegate.m */,
				005CBCEC1AA770420038DE61 /* Images.xcassets */,
				005CBCEE1AA770420038DE61 /* LaunchScreen.xib */,
				005CBCE51AA770420038DE61 /* Supporting Files */,
			);
			path = Loakan;
			sourceTree = "<group>";
		};
		005CBCE51AA770420038DE61 /* Supporting Files */ = {
			isa = PBXGroup;
			children = (
				005CBCE61AA770420038DE61 /* Info.plist */,
				005CBCE71AA770420038DE61 /* main.m */,
			);
			name = "Supporting Files";
			sourceTree = "<group>";
		};
		005CBCF81AA770420038DE61 /* LoakanTests */ = {
			isa = PBXGroup;
			children = (
				005CBCFB1AA770420038DE61 /* LoakanTests.m */,
				005CBCF91AA770420038DE61 /* Supporting Files */,
			);
			path = LoakanTests;
			sourceTree = "<group>";
		};
		005CBCF91AA770420038DE61 /* Supporting Files */ = {
			isa = PBXGroup;
			children = (
				005CBCFA1AA770420038DE61 /* Info.plist */,
			);
			name = "Supporting Files";
			sourceTree = "<group>";
		};
/* End PBXGroup section */

/* Begin PBXNativeTarget section */
		005CBCE11AA770420038DE61 /* Loakan */ = {
			isa = PBXNativeTarget;
			buildConfigurationList = 005CBCFF1AA770420038DE61 /* Build configuration list for PBXNativeTarget "Loakan" */;
			buildPhases = (
				005CBCDE1AA770420038DE61 /* Sources */,
				005CBCDF1AA770420038DE61 /* Frameworks */,
				005CBCE01AA770420038DE61 /* Resources */,
			);
			buildRules = (
			);
			dependencies = (
			);
			name = Loakan;
			productName = Loakan;
			productReference = 005CBCE21AA770420038DE61 /* Loakan.app */;
			productType = "com.apple.product-type.application";
		};
		005CBCF41AA770420038DE61 /* LoakanTests */ = {
			isa = PBXNativeTarget;
			buildConfigurationList = 005CBD021AA770420038DE61 /* Build configuration list for PBXNativeTarget "LoakanTests" */;
			buildPhases = (
				005CBCF11AA770420038DE61 /* Sources */,
				005CBCF21AA770420038DE61 /* Frameworks */,
				005CBCF31AA770420038DE61 /* Resources */,
			);
			buildRules = (
			);
			dependencies = (
				005CBCF71AA770420038DE61 /* PBXTargetDependency */,
			);
			name = LoakanTests;
			productName = LoakanTests;
			productReference = 005CBCF51AA770420038DE61 /* LoakanTests.xctest */;
			productType = "com.apple.product-type.bundle.unit-test";
		};
/* End PBXNativeTarget section */

/* Begin PBXProject section */
		005CBCDA1AA770420038DE61 /* Project object */ = {
			isa = PBXProject;
			attributes = {
				LastUpgradeCheck = 0610;
				ORGANIZATIONNAME = lip;
				TargetAttributes = {
					005CBCE11AA770420038DE61 = {
						CreatedOnToolsVersion = 6.1.1;
					};
					005CBCF41AA770420038DE61 = {
						CreatedOnToolsVersion = 6.1.1;
						TestTargetID = 005CBCE11AA770420038DE61;
					};
				};
			};
			buildConfigurationList = 005CBCDD1AA770420038DE61 /* Build configuration list for PBXProject "Loakan" */;
			compatibilityVersion = "Xcode 3.2";
			developmentRegion = English;
			hasScannedForEncodings = 0;
			knownRegions = (
				en,
				Base,
			);
			mainGroup = 005CBCD91AA770420038DE61;
			productRefGroup = 005CBCE31AA770420038DE61 /* Products */;
			projectDirPath = "";
			projectRoot = "";
			targets = (
				005CBCE11AA770420038DE61 /* Loakan */,
				005CBCF41AA770420038DE61 /* LoakanTests */,
			);
		};
/* End PBXProject section */

/* Begin PBXResourcesBuildPhase section */
		005CBCE01AA770420038DE61 /* Resources */ = {
			isa = PBXResourcesBuildPhase;
			buildActionMask = 2147483647;
			files = (
				005CBCF01AA770420038DE61 /* LaunchScreen.xib in Resources */,
				005CBCED1AA770420038DE61 /* Images.xcassets in Resources */,
			);
			runOnlyForDeploymentPostprocessing = 0;
		};
		005CBCF31AA770420038DE61 /* Resources */ = {
			isa = PBXResourcesBuildPhase;
			buildActionMask = 2147483647;
			files = (
			);
			runOnlyForDeploymentPostprocessing = 0;
		};
/* End PBXResourcesBuildPhase section */

/* Begin PBXSourcesBuildPhase section */
		005CBCDE1AA770420038DE61 /* Sources */ = {
			isa = PBXSourcesBuildPhase;
			buildActionMask = 2147483647;
			files = (
				005CBCEB1AA770420038DE61 /* AppDelegate.m in Sources */,
				005CBCE81AA770420038DE61 /* main.m in Sources */,
			);
			runOnlyForDeploymentPostprocessing = 0;
		};
		005CBCF11AA770420038DE61 /* Sources */ = {
			isa = PBXSourcesBuildPhase;
			buildActionMask = 2147483647;
			files = (
				005CBCFC1AA770420038DE61 /* LoakanTests.m in Sources */,
			);
			runOnlyForDeploymentPostprocessing = 0;
		};
/* End PBXSourcesBuildPhase section */

/* Begin PBXTargetDependency section */
		005CBCF71AA770420038DE61 /* PBXTargetDependency */ = {
			isa = PBXTargetDependency;
			target = 005CBCE11AA770420038DE61 /* Loakan */;
			targetProxy = 005CBCF61AA770420038DE61 /* PBXContainerItemProxy */;
		};
/* End PBXTargetDependency section */

/* Begin PBXVariantGroup section */
		005CBCEE1AA770420038DE61 /* LaunchScreen.xib */ = {
			isa = PBXVariantGroup;
			children = (
				005CBCEF1AA770420038DE61 /* Base */,
			);
			name = LaunchScreen.xib;
			sourceTree = "<group>";
		};
/* End PBXVariantGroup section */

/* Begin XCBuildConfiguration section */
		005CBCFD1AA770420038DE61 /* Debug */ = {
			isa = XCBuildConfiguration;
			buildSettings = {
				ALWAYS_SEARCH_USER_PATHS = NO;
				CLANG_CXX_LANGUAGE_STANDARD = "gnu++0x";
				CLANG_CXX_LIBRARY = "libc++";
				CLANG_ENABLE_MODULES = YES;
				CLANG_ENABLE_OBJC_ARC = YES;
				CLANG_WARN_BOOL_CONVERSION = YES;
				CLANG_WARN_CONSTANT_CONVERSION = YES;
				CLANG_WARN_DIRECT_OBJC_ISA_USAGE = YES_ERROR;
				CLANG_WARN_EMPTY_BODY = YES;
				CLANG_WARN_ENUM_CONVERSION = YES;
				CLANG_WARN_INT_CONVERSION = YES;
				CLANG_WARN_OBJC_ROOT_CLASS = YES_ERROR;
				CLANG_WARN_UNREACHABLE_CODE = YES;
				CLANG_WARN__DUPLICATE_METHOD_MATCH = YES;
				"CODE_SIGN_IDENTITY[sdk=iphoneos*]" = "iPhone Developer";
				COPY_PHASE_STRIP = NO;
				ENABLE_STRICT_OBJC_MSGSEND = YES;
				GCC_C_LANGUAGE_STANDARD = gnu99;
				GCC_DYNAMIC_NO_PIC = NO;
				GCC_OPTIMIZATION_LEVEL = 0;
				GCC_PREPROCESSOR_DEFINITIONS = (
					"DEBUG=1",
					"$(inherited)",
				);
				GCC_SYMBOLS_PRIVATE_EXTERN = NO;
				GCC_WARN_64_TO_32_BIT_CONVERSION = YES;
				GCC_WARN_ABOUT_RETURN_TYPE = YES_ERROR;
				GCC_WARN_UNDECLARED_SELECTOR = YES;
				GCC_WARN_UNINITIALIZED_AUTOS = YES_AGGRESSIVE;
				GCC_WARN_UNUSED_FUNCTION = YES;
				GCC_WARN_UNUSED_VARIABLE = YES;
				IPHONEOS_DEPLOYMENT_TARGET = 8.1;
				MTL_ENABLE_DEBUG_INFO = YES;
				ONLY_ACTIVE_ARCH = YES;
				SDKROOT = iphoneos;
			};
			name = Debug;
		};
		005CBCFE1AA770420038DE61 /* Release */ = {
			isa = XCBuildConfiguration;
			buildSettings = {
				ALWAYS_SEARCH_USER_PATHS = NO;
				CLANG_CXX_LANGUAGE_STANDARD = "gnu++0x";
				CLANG_CXX_LIBRARY = "libc++";
				CLANG_ENABLE_MODULES = YES;
				CLANG_ENABLE_OBJC_ARC = YES;
				CLANG_WARN_BOOL_CONVERSION = YES;
				CLANG_WARN_CONSTANT_CONVERSION = YES;
				CLANG_WARN_DIRECT_OBJC_ISA_USAGE = YES_ERROR;
				CLANG_WARN_EMPTY_BODY = YES;
				CLANG_WARN_ENUM_CONVERSION = YES;
				CLANG_WARN_INT_CONVERSION = YES;
				CLANG_WARN_OBJC_ROOT_CLASS = YES_ERROR;
				CLANG_WARN_UNREACHABLE_CODE = YES;
				CLANG_WARN__DUPLICATE_METHOD_MATCH = YES;
				"CODE_SIGN_IDENTITY[sdk=iphoneos*]" = "iPhone Developer";
				COPY_PHASE_STRIP = YES;
				ENABLE_NS_ASSERTIONS = NO;
				ENABLE_STRICT_OBJC_MSGSEND = YES;
				GCC_C_LANGUAGE_STANDARD = gnu99;
				GCC_WARN_64_TO_32_BIT_CONVERSION = YES;
				GCC_WARN_ABOUT_RETURN_TYPE = YES_ERROR;
				GCC_WARN_UNDECLARED_SELECTOR = YES;
				GCC_WARN_UNINITIALIZED_AUTOS = YES_AGGRESSIVE;
				GCC_WARN_UNUSED_FUNCTION = YES;
				GCC_WARN_UNUSED_VARIABLE = YES;
				IPHONEOS_DEPLOYMENT_TARGET = 8.1;
				MTL_ENABLE_DEBUG_INFO = NO;
				SDKROOT = iphoneos;
				VALIDATE_PRODUCT = YES;
			};
			name = Release;
		};
		005CBD001AA770420038DE61 /* Debug */ = {
			isa = XCBuildConfiguration;
			buildSettings = {
				ASSETCATALOG_COMPILER_APPICON_NAME = AppIcon;
				INFOPLIST_FILE = Loakan/Info.plist;
				LD_RUNPATH_SEARCH_PATHS = "$(inherited) @executable_path/Frameworks";
				PRODUCT_NAME = "$(TARGET_NAME)";
			};
			name = Debug;
		};
		005CBD011AA770420038DE61 /* Release */ = {
			isa = XCBuildConfiguration;
			buildSettings = {
				ASSETCATALOG_COMPILER_APPICON_NAME = AppIcon;
				INFOPLIST_FILE = Loakan/Info.plist;
				LD_RUNPATH_SEARCH_PATHS = "$(inherited) @executable_path/Frameworks";
				PRODUCT_NAME = "$(TARGET_NAME)";
			};
			name = Release;
		};
		005CBD031AA770420038DE61 /* Debug */ = {
			isa = XCBuildConfiguration;
			buildSettings = {
				BUNDLE_LOADER = "$(TEST_HOST)";
				FRAMEWORK_SEARCH_PATHS = (
					"$(SDKROOT)/Developer/Library/Frameworks",
					"$(inherited)",
				);
				GCC_PREPROCESSOR_DEFINITIONS = (
					"DEBUG=1",
					"$(inherited)",
				);
				INFOPLIST_FILE = LoakanTests/Info.plist;
				LD_RUNPATH_SEARCH_PATHS = "$(inherited) @executable_path/Frameworks @loader_path/Frameworks";
				PRODUCT_NAME = "$(TARGET_NAME)";
				TEST_HOST = "$(BUILT_PRODUCTS_DIR)/Loakan.app/Loakan";
			};
			name = Debug;
		};
		005CBD041AA770420038DE61 /* Release */ = {
			isa = XCBuildConfiguration;
			buildSettings = {
				BUNDLE_LOADER = "$(TEST_HOST)";
				FRAMEWORK_SEARCH_PATHS = (
					"$(SDKROOT)/Developer/Library/Frameworks",
					"$(inherited)",
				);
				INFOPLIST_FILE = LoakanTests/Info.plist;
				LD_RUNPATH_SEARCH_PATHS = "$(inherited) @executable_path/Frameworks @loader_path/Frameworks";
				PRODUCT_NAME = "$(TARGET_NAME)";
				TEST_HOST = "$(BUILT_PRODUCTS_DIR)/Loakan.app/Loakan";
			};
			name = Release;
		};
/* End XCBuildConfiguration section */

/* Begin XCConfigurationList section */
		005CBCDD1AA770420038DE61 /* Build configuration list for PBXProject "Loakan" */ = {
			isa = XCConfigurationList;
			buildConfigurations = (
				005CBCFD1AA770420038DE61 /* Debug */,
				005CBCFE1AA770420038DE61 /* Release */,
			);
			defaultConfigurationIsVisible = 0;
			defaultConfigurationName = Release;
		};
		005CBCFF1AA770420038DE61 /* Build configuration list for PBXNativeTarget "Loakan" */ = {
			isa = XCConfigurationList;
			buildConfigurations = (
				005CBD001AA770420038DE61 /* Debug */,
				005CBD011AA770420038DE61 /* Release */,
			);
			defaultConfigurationIsVisible = 0;
		};
		005CBD021AA770420038DE61 /* Build configuration list for PBXNativeTarget "LoakanTests" */ = {
			isa = XCConfigurationList;
			buildConfigurations = (
				005CBD031AA770420038DE61 /* Debug */,
				005CBD041AA770420038DE61 /* Release */,
			);
			defaultConfigurationIsVisible = 0;
		};
/* End XCConfigurationList section */
	};
	rootObject = 005CBCDA1AA770420038DE61 /* Project object */;
}
